
Microsoft Visual Studio Solution File, Format Version 12.00
# Visual Studio Version 16
VisualStudioVersion = 16.0.29613.14
MinimumVisualStudioVersion = 10.0.40219.1
Project("{9A19103F-16F7-4668-BE54-9A1E7A4F7556}") = "HomeAssistantUnifiLed", "HomeAssistantUnifiLed\HomeAssistantUnifiLed.csproj", "{FFE5DDE3-FD86-4643-B99E-2EBE770F1ECD}"
EndProject
Project("{9A19103F-16F7-4668-BE54-9A1E7A4F7556}") = "HomeAssistantDiscoveryHelper", "dotnet-homeassistant-mqtt-discovery\src\HomeAssistantDiscoveryHelper\HomeAssistantDiscoveryHelper.csproj", "{E8BD5926-3054-454F-BB53-B6B7248FF60C}"
EndProject
Global
	GlobalSection(SolutionConfigurationPlatforms) = preSolution
		Debug|Any CPU = Debug|Any CPU
		Release|Any CPU = Release|Any CPU
	EndGlobalSection
	GlobalSection(ProjectConfigurationPlatforms) = postSolution
		{FFE5DDE3-FD86-4643-B99E-2EBE770F1ECD}.Debug|Any CPU.ActiveCfg = Debug|Any CPU
		{FFE5DDE3-FD86-4643-B99E-2EBE770F1ECD}.Debug|Any CPU.Build.0 = Debug|Any CPU
		{FFE5DDE3-FD86-4643-B99E-2EBE770F1ECD}.Release|Any CPU.ActiveCfg = Release|Any CPU
		{FFE5DDE3-FD86-4643-B99E-2EBE770F1ECD}.Release|Any CPU.Build.0 = Release|Any CPU
		{E8BD5926-3054-454F-BB53-B6B7248FF60C}.Debug|Any CPU.ActiveCfg = Debug|Any CPU
		{E8BD5926-3054-454F-BB53-B6B7248FF60C}.Debug|Any CPU.Build.0 = Debug|Any CPU
		{E8BD5926-3054-454F-BB53-B6B7248FF60C}.Release|Any CPU.ActiveCfg = Release|Any CPU
		{E8BD5926-3054-454F-BB53-B6B7248FF60C}.Release|Any CPU.Build.0 = Release|Any CPU
	EndGlobalSection
	GlobalSection(SolutionProperties) = preSolution
		HideSolutionNode = FALSE
	EndGlobalSection
	GlobalSection(ExtensibilityGlobals) = postSolution
		SolutionGuid = {13715029-D0D6-443E-A0B8-7BE5721490FF}
	EndGlobalSection
EndGlobal
